
Microsoft Visual Studio Solution File, Format Version 12.00
# Visual Studio Version 16
VisualStudioVersion = 16.0.30128.74
MinimumVisualStudioVersion = 10.0.40219.1
Project("{FAE04EC0-301F-11D3-BF4B-00C04F79EFBC}") = "BlazorWithIAsyncEnumerable", "BlazorWithIAsyncEnumerable\BlazorWithIAsyncEnumerable.csproj", "{0A4642F2-E155-4EC0-99D6-EB62EFBB2DC2}"
EndProject
Global
	GlobalSection(SolutionConfigurationPlatforms) = preSolution
		Debug|Any CPU = Debug|Any CPU
		Release|Any CPU = Release|Any CPU
	EndGlobalSection
	GlobalSection(ProjectConfigurationPlatforms) = postSolution
		{0A4642F2-E155-4EC0-99D6-EB62EFBB2DC2}.Debug|Any CPU.ActiveCfg = Debug|Any CPU
		{0A4642F2-E155-4EC0-99D6-EB62EFBB2DC2}.Debug|Any CPU.Build.0 = Debug|Any CPU
		{0A4642F2-E155-4EC0-99D6-EB62EFBB2DC2}.Release|Any CPU.ActiveCfg = Release|Any CPU
		{0A4642F2-E155-4EC0-99D6-EB62EFBB2DC2}.Release|Any CPU.Build.0 = Release|Any CPU
	EndGlobalSection
	GlobalSection(SolutionProperties) = preSolution
		HideSolutionNode = FALSE
	EndGlobalSection
	GlobalSection(ExtensibilityGlobals) = postSolution
		SolutionGuid = {D7336BA9-FB98-4FDD-A91C-E9DF3242709C}
	EndGlobalSection
EndGlobal
